// !$*UTF8*$!
{
	archiveVersion = 1;
	classes = {
	};
	objectVersion = 56;
	objects = {

/* Begin PBXBuildFile section */
		055A900A2AC1B00F001BDF87 /* TimeSettingViewController.swift in Sources */ = {isa = PBXBuildFile; fileRef = 055A90092AC1B00F001BDF87 /* TimeSettingViewController.swift */; };
		058818B22AC3CD200097A311 /* AlarmSettingViewController.swift in Sources */ = {isa = PBXBuildFile; fileRef = 058818B12AC3CD200097A311 /* AlarmSettingViewController.swift */; };
		059D92362AC45E6B007610D8 /* MainTabBarController.swift in Sources */ = {isa = PBXBuildFile; fileRef = 059D92352AC45E6B007610D8 /* MainTabBarController.swift */; };
		059D92382AC45F09007610D8 /* NanumMyeongjo.otf in Resources */ = {isa = PBXBuildFile; fileRef = 059D92372AC45F09007610D8 /* NanumMyeongjo.otf */; };
		059D923A2AC45F10007610D8 /* NanumMyeongjoBold.otf in Resources */ = {isa = PBXBuildFile; fileRef = 059D92392AC45F10007610D8 /* NanumMyeongjoBold.otf */; };
		27F282F32AC162C8006E180B /* AppDelegate.swift in Sources */ = {isa = PBXBuildFile; fileRef = 27F282F22AC162C8006E180B /* AppDelegate.swift */; };
		27F282F52AC162C8006E180B /* SceneDelegate.swift in Sources */ = {isa = PBXBuildFile; fileRef = 27F282F42AC162C8006E180B /* SceneDelegate.swift */; };
		27F282FD2AC162C8006E180B /* GodSaengLife.xcdatamodeld in Sources */ = {isa = PBXBuildFile; fileRef = 27F282FB2AC162C8006E180B /* GodSaengLife.xcdatamodeld */; };
		27F282FF2AC162CA006E180B /* Assets.xcassets in Resources */ = {isa = PBXBuildFile; fileRef = 27F282FE2AC162CA006E180B /* Assets.xcassets */; };
		27F283022AC162CA006E180B /* LaunchScreen.storyboard in Resources */ = {isa = PBXBuildFile; fileRef = 27F283002AC162CA006E180B /* LaunchScreen.storyboard */; };
		27F283102AC164B9006E180B /* CalendarView.swift in Sources */ = {isa = PBXBuildFile; fileRef = 27F2830F2AC164B9006E180B /* CalendarView.swift */; };
		27F283122AC164C1006E180B /* AlarmLandingViewController.swift in Sources */ = {isa = PBXBuildFile; fileRef = 27F283112AC164C1006E180B /* AlarmLandingViewController.swift */; };
		27F283162AC164C7006E180B /* RegistrationViewController.swift in Sources */ = {isa = PBXBuildFile; fileRef = 27F283152AC164C7006E180B /* RegistrationViewController.swift */; };
		27F2831F2AC165C1006E180B /* SnapKit in Frameworks */ = {isa = PBXBuildFile; productRef = 27F2831E2AC165C1006E180B /* SnapKit */; };
		27F283222AC165C8006E180B /* Then in Frameworks */ = {isa = PBXBuildFile; productRef = 27F283212AC165C8006E180B /* Then */; };
		27F283272AC1B190006E180B /* UIViewPreview.swift in Sources */ = {isa = PBXBuildFile; fileRef = 27F283262AC1B190006E180B /* UIViewPreview.swift */; };
		27F283292AC27764006E180B /* CalendarViewController.swift in Sources */ = {isa = PBXBuildFile; fileRef = 27F283282AC27764006E180B /* CalendarViewController.swift */; };
		27F2832D2AC84B43006E180B /* TimeLineViewController.swift in Sources */ = {isa = PBXBuildFile; fileRef = 27F2832C2AC84B43006E180B /* TimeLineViewController.swift */; };
		27F2832F2ACA35D2006E180B /* DateDataManager.swift in Sources */ = {isa = PBXBuildFile; fileRef = 27F2832E2ACA35D2006E180B /* DateDataManager.swift */; };
		27F283312ACA8F00006E180B /* DateParser.swift in Sources */ = {isa = PBXBuildFile; fileRef = 27F283302ACA8F00006E180B /* DateParser.swift */; };
		6968A7EE2AC1A419004369BF /* NotificationManager.swift in Sources */ = {isa = PBXBuildFile; fileRef = 6968A7ED2AC1A419004369BF /* NotificationManager.swift */; };
		6968A7F42AC2B816004369BF /* alarm1.mp3 in Resources */ = {isa = PBXBuildFile; fileRef = 6968A7F32AC2B816004369BF /* alarm1.mp3 */; };
		6968A7F82AC3E0CA004369BF /* AlarmLandingView.swift in Sources */ = {isa = PBXBuildFile; fileRef = 6968A7F72AC3E0CA004369BF /* AlarmLandingView.swift */; };
		7B2191442AC17C0C0096400C /* MainViewController.swift in Sources */ = {isa = PBXBuildFile; fileRef = 7B2191432AC17C0C0096400C /* MainViewController.swift */; };
		7B2191462AC278850096400C /* MainView.swift in Sources */ = {isa = PBXBuildFile; fileRef = 7B2191452AC278850096400C /* MainView.swift */; };
		7BF0590A2AC4257F00CB435B /* MyPageViewController.swift in Sources */ = {isa = PBXBuildFile; fileRef = 7BF059092AC4257F00CB435B /* MyPageViewController.swift */; };
/* End PBXBuildFile section */

/* Begin PBXFileReference section */
		055A90092AC1B00F001BDF87 /* TimeSettingViewController.swift */ = {isa = PBXFileReference; lastKnownFileType = sourcecode.swift; path = TimeSettingViewController.swift; sourceTree = "<group>"; };
		058818B12AC3CD200097A311 /* AlarmSettingViewController.swift */ = {isa = PBXFileReference; lastKnownFileType = sourcecode.swift; path = AlarmSettingViewController.swift; sourceTree = "<group>"; };
		059D92352AC45E6B007610D8 /* MainTabBarController.swift */ = {isa = PBXFileReference; lastKnownFileType = sourcecode.swift; path = MainTabBarController.swift; sourceTree = "<group>"; };
		059D92372AC45F09007610D8 /* NanumMyeongjo.otf */ = {isa = PBXFileReference; lastKnownFileType = file; path = NanumMyeongjo.otf; sourceTree = "<group>"; };
		059D92392AC45F10007610D8 /* NanumMyeongjoBold.otf */ = {isa = PBXFileReference; lastKnownFileType = file; path = NanumMyeongjoBold.otf; sourceTree = "<group>"; };
		27F282EF2AC162C8006E180B /* GodSaengLife.app */ = {isa = PBXFileReference; explicitFileType = wrapper.application; includeInIndex = 0; path = GodSaengLife.app; sourceTree = BUILT_PRODUCTS_DIR; };
		27F282F22AC162C8006E180B /* AppDelegate.swift */ = {isa = PBXFileReference; lastKnownFileType = sourcecode.swift; path = AppDelegate.swift; sourceTree = "<group>"; };
		27F282F42AC162C8006E180B /* SceneDelegate.swift */ = {isa = PBXFileReference; lastKnownFileType = sourcecode.swift; path = SceneDelegate.swift; sourceTree = "<group>"; };
		27F282FC2AC162C8006E180B /* GodSaengLife.xcdatamodel */ = {isa = PBXFileReference; lastKnownFileType = wrapper.xcdatamodel; path = GodSaengLife.xcdatamodel; sourceTree = "<group>"; };
		27F282FE2AC162CA006E180B /* Assets.xcassets */ = {isa = PBXFileReference; lastKnownFileType = folder.assetcatalog; path = Assets.xcassets; sourceTree = "<group>"; };
		27F283012AC162CA006E180B /* Base */ = {isa = PBXFileReference; lastKnownFileType = file.storyboard; name = Base; path = Base.lproj/LaunchScreen.storyboard; sourceTree = "<group>"; };
		27F283032AC162CA006E180B /* Info.plist */ = {isa = PBXFileReference; lastKnownFileType = text.plist.xml; path = Info.plist; sourceTree = "<group>"; };
		27F2830F2AC164B9006E180B /* CalendarView.swift */ = {isa = PBXFileReference; lastKnownFileType = sourcecode.swift; path = CalendarView.swift; sourceTree = "<group>"; };
		27F283112AC164C1006E180B /* AlarmLandingViewController.swift */ = {isa = PBXFileReference; lastKnownFileType = sourcecode.swift; path = AlarmLandingViewController.swift; sourceTree = "<group>"; };
		27F283152AC164C7006E180B /* RegistrationViewController.swift */ = {isa = PBXFileReference; lastKnownFileType = sourcecode.swift; path = RegistrationViewController.swift; sourceTree = "<group>"; };
		27F283262AC1B190006E180B /* UIViewPreview.swift */ = {isa = PBXFileReference; lastKnownFileType = sourcecode.swift; path = UIViewPreview.swift; sourceTree = "<group>"; };
		27F283282AC27764006E180B /* CalendarViewController.swift */ = {isa = PBXFileReference; lastKnownFileType = sourcecode.swift; path = CalendarViewController.swift; sourceTree = "<group>"; };
		27F2832C2AC84B43006E180B /* TimeLineViewController.swift */ = {isa = PBXFileReference; lastKnownFileType = sourcecode.swift; path = TimeLineViewController.swift; sourceTree = "<group>"; };
		27F2832E2ACA35D2006E180B /* DateDataManager.swift */ = {isa = PBXFileReference; lastKnownFileType = sourcecode.swift; path = DateDataManager.swift; sourceTree = "<group>"; };
		27F283302ACA8F00006E180B /* DateParser.swift */ = {isa = PBXFileReference; lastKnownFileType = sourcecode.swift; path = DateParser.swift; sourceTree = "<group>"; };
		6968A7ED2AC1A419004369BF /* NotificationManager.swift */ = {isa = PBXFileReference; lastKnownFileType = sourcecode.swift; path = NotificationManager.swift; sourceTree = "<group>"; };
		6968A7F32AC2B816004369BF /* alarm1.mp3 */ = {isa = PBXFileReference; lastKnownFileType = audio.mp3; path = alarm1.mp3; sourceTree = "<group>"; };
		6968A7F72AC3E0CA004369BF /* AlarmLandingView.swift */ = {isa = PBXFileReference; lastKnownFileType = sourcecode.swift; path = AlarmLandingView.swift; sourceTree = "<group>"; };
		7B2191432AC17C0C0096400C /* MainViewController.swift */ = {isa = PBXFileReference; lastKnownFileType = sourcecode.swift; path = MainViewController.swift; sourceTree = "<group>"; };
		7B2191452AC278850096400C /* MainView.swift */ = {isa = PBXFileReference; lastKnownFileType = sourcecode.swift; path = MainView.swift; sourceTree = "<group>"; };
		7BF059092AC4257F00CB435B /* MyPageViewController.swift */ = {isa = PBXFileReference; lastKnownFileType = sourcecode.swift; path = MyPageViewController.swift; sourceTree = "<group>"; };
/* End PBXFileReference section */

/* Begin PBXFrameworksBuildPhase section */
		27F282EC2AC162C8006E180B /* Frameworks */ = {
			isa = PBXFrameworksBuildPhase;
			buildActionMask = 2147483647;
			files = (
				27F2831F2AC165C1006E180B /* SnapKit in Frameworks */,
				27F283222AC165C8006E180B /* Then in Frameworks */,
			);
			runOnlyForDeploymentPostprocessing = 0;
		};
/* End PBXFrameworksBuildPhase section */

/* Begin PBXGroup section */
		27F282E62AC162C8006E180B = {
			isa = PBXGroup;
			children = (
				27F282F12AC162C8006E180B /* GodSaengLife */,
				27F282F02AC162C8006E180B /* Products */,
			);
			sourceTree = "<group>";
		};
		27F282F02AC162C8006E180B /* Products */ = {
			isa = PBXGroup;
			children = (
				27F282EF2AC162C8006E180B /* GodSaengLife.app */,
			);
			name = Products;
			sourceTree = "<group>";
		};
		27F282F12AC162C8006E180B /* GodSaengLife */ = {
			isa = PBXGroup;
			children = (
				27F282F22AC162C8006E180B /* AppDelegate.swift */,
				27F282F42AC162C8006E180B /* SceneDelegate.swift */,
				6968A7ED2AC1A419004369BF /* NotificationManager.swift */,
				059D92352AC45E6B007610D8 /* MainTabBarController.swift */,
				27F2830C2AC16486006E180B /* AlarmLandingPage */,
				27F2830B2AC16470006E180B /* RecordCheck */,
				27F2830A2AC16445006E180B /* MainPage */,
				27F283092AC16428006E180B /* InitialRegistration */,
				7B2191472AC28BAD0096400C /* Font */,
				27F282FE2AC162CA006E180B /* Assets.xcassets */,
				27F283002AC162CA006E180B /* LaunchScreen.storyboard */,
				27F283032AC162CA006E180B /* Info.plist */,
				6968A7F32AC2B816004369BF /* alarm1.mp3 */,
				27F282FB2AC162C8006E180B /* GodSaengLife.xcdatamodeld */,
			);
			path = GodSaengLife;
			sourceTree = "<group>";
		};
		27F283092AC16428006E180B /* InitialRegistration */ = {
			isa = PBXGroup;
			children = (
				27F283152AC164C7006E180B /* RegistrationViewController.swift */,
				058818B12AC3CD200097A311 /* AlarmSettingViewController.swift */,
				055A90092AC1B00F001BDF87 /* TimeSettingViewController.swift */,
			);
			path = InitialRegistration;
			sourceTree = "<group>";
		};
		27F2830A2AC16445006E180B /* MainPage */ = {
			isa = PBXGroup;
			children = (
				7B2191452AC278850096400C /* MainView.swift */,
				7B2191432AC17C0C0096400C /* MainViewController.swift */,
				7BF059092AC4257F00CB435B /* MyPageViewController.swift */,
			);
			path = MainPage;
			sourceTree = "<group>";
		};
		27F2830B2AC16470006E180B /* RecordCheck */ = {
			isa = PBXGroup;
			children = (
				27F2830F2AC164B9006E180B /* CalendarView.swift */,
				27F283282AC27764006E180B /* CalendarViewController.swift */,
				27F2832C2AC84B43006E180B /* TimeLineViewController.swift */,
				27F2832E2ACA35D2006E180B /* DateDataManager.swift */,
				27F283302ACA8F00006E180B /* DateParser.swift */,
				27F283262AC1B190006E180B /* UIViewPreview.swift */,
			);
			path = RecordCheck;
			sourceTree = "<group>";
		};
		27F2830C2AC16486006E180B /* AlarmLandingPage */ = {
			isa = PBXGroup;
			children = (
				27F283112AC164C1006E180B /* AlarmLandingViewController.swift */,
				6968A7F72AC3E0CA004369BF /* AlarmLandingView.swift */,
			);
			path = AlarmLandingPage;
			sourceTree = "<group>";
		};
		7B2191472AC28BAD0096400C /* Font */ = {
			isa = PBXGroup;
			children = (
				059D92372AC45F09007610D8 /* NanumMyeongjo.otf */,
				059D92392AC45F10007610D8 /* NanumMyeongjoBold.otf */,
			);
			path = Font;
			sourceTree = "<group>";
		};
/* End PBXGroup section */

/* Begin PBXNativeTarget section */
		27F282EE2AC162C8006E180B /* GodSaengLife */ = {
			isa = PBXNativeTarget;
			buildConfigurationList = 27F283062AC162CA006E180B /* Build configuration list for PBXNativeTarget "GodSaengLife" */;
			buildPhases = (
				27F282EB2AC162C8006E180B /* Sources */,
				27F282EC2AC162C8006E180B /* Frameworks */,
				27F282ED2AC162C8006E180B /* Resources */,
			);
			buildRules = (
			);
			dependencies = (
			);
			name = GodSaengLife;
			packageProductDependencies = (
				27F2831E2AC165C1006E180B /* SnapKit */,
				27F283212AC165C8006E180B /* Then */,
			);
			productName = GodSaengLife;
			productReference = 27F282EF2AC162C8006E180B /* GodSaengLife.app */;
			productType = "com.apple.product-type.application";
		};
/* End PBXNativeTarget section */

/* Begin PBXProject section */
		27F282E72AC162C8006E180B /* Project object */ = {
			isa = PBXProject;
			attributes = {
				BuildIndependentTargetsInParallel = 1;
				LastSwiftUpdateCheck = 1430;
				LastUpgradeCheck = 1430;
				TargetAttributes = {
					27F282EE2AC162C8006E180B = {
						CreatedOnToolsVersion = 14.3.1;
					};
				};
			};
			buildConfigurationList = 27F282EA2AC162C8006E180B /* Build configuration list for PBXProject "GodSaengLife" */;
			compatibilityVersion = "Xcode 14.0";
			developmentRegion = en;
			hasScannedForEncodings = 0;
			knownRegions = (
				en,
				Base,
			);
			mainGroup = 27F282E62AC162C8006E180B;
			packageReferences = (
				27F2831D2AC165C1006E180B /* XCRemoteSwiftPackageReference "SnapKit" */,
				27F283202AC165C8006E180B /* XCRemoteSwiftPackageReference "Then" */,
			);
			productRefGroup = 27F282F02AC162C8006E180B /* Products */;
			projectDirPath = "";
			projectRoot = "";
			targets = (
				27F282EE2AC162C8006E180B /* GodSaengLife */,
			);
		};
/* End PBXProject section */

/* Begin PBXResourcesBuildPhase section */
		27F282ED2AC162C8006E180B /* Resources */ = {
			isa = PBXResourcesBuildPhase;
			buildActionMask = 2147483647;
			files = (
				27F283022AC162CA006E180B /* LaunchScreen.storyboard in Resources */,
				6968A7F42AC2B816004369BF /* alarm1.mp3 in Resources */,
				27F282FF2AC162CA006E180B /* Assets.xcassets in Resources */,
				059D923A2AC45F10007610D8 /* NanumMyeongjoBold.otf in Resources */,
				059D92382AC45F09007610D8 /* NanumMyeongjo.otf in Resources */,
			);
			runOnlyForDeploymentPostprocessing = 0;
		};
/* End PBXResourcesBuildPhase section */

/* Begin PBXSourcesBuildPhase section */
		27F282EB2AC162C8006E180B /* Sources */ = {
			isa = PBXSourcesBuildPhase;
			buildActionMask = 2147483647;
			files = (
				7BF0590A2AC4257F00CB435B /* MyPageViewController.swift in Sources */,
				27F2832F2ACA35D2006E180B /* DateDataManager.swift in Sources */,
				6968A7F82AC3E0CA004369BF /* AlarmLandingView.swift in Sources */,
				27F283292AC27764006E180B /* CalendarViewController.swift in Sources */,
				27F2832D2AC84B43006E180B /* TimeLineViewController.swift in Sources */,
				27F283102AC164B9006E180B /* CalendarView.swift in Sources */,
				058818B22AC3CD200097A311 /* AlarmSettingViewController.swift in Sources */,
				27F283102AC164B9006E180B /* CalendarView.swift in Sources */,
				27F283122AC164C1006E180B /* AlarmLandingViewController.swift in Sources */,
				7B2191462AC278850096400C /* MainView.swift in Sources */,
				6968A7EE2AC1A419004369BF /* NotificationManager.swift in Sources */,
				27F283312ACA8F00006E180B /* DateParser.swift in Sources */,
				055A900A2AC1B00F001BDF87 /* TimeSettingViewController.swift in Sources */,
				27F282FD2AC162C8006E180B /* GodSaengLife.xcdatamodeld in Sources */,
				27F283272AC1B190006E180B /* UIViewPreview.swift in Sources */,
				059D92362AC45E6B007610D8 /* MainTabBarController.swift in Sources */,
				27F283162AC164C7006E180B /* RegistrationViewController.swift in Sources */,
				27F283162AC164C7006E180B /* RegistrationViewController.swift in Sources */,
				27F282F32AC162C8006E180B /* AppDelegate.swift in Sources */,
				27F282F52AC162C8006E180B /* SceneDelegate.swift in Sources */,
				7B2191442AC17C0C0096400C /* MainViewController.swift in Sources */,
			);
			runOnlyForDeploymentPostprocessing = 0;
		};
/* End PBXSourcesBuildPhase section */

/* Begin PBXVariantGroup section */
		27F283002AC162CA006E180B /* LaunchScreen.storyboard */ = {
			isa = PBXVariantGroup;
			children = (
				27F283012AC162CA006E180B /* Base */,
			);
			name = LaunchScreen.storyboard;
			sourceTree = "<group>";
		};
/* End PBXVariantGroup section */

/* Begin XCBuildConfiguration section */
		27F283042AC162CA006E180B /* Debug */ = {
			isa = XCBuildConfiguration;
			buildSettings = {
				ALWAYS_SEARCH_USER_PATHS = NO;
				CLANG_ANALYZER_NONNULL = YES;
				CLANG_ANALYZER_NUMBER_OBJECT_CONVERSION = YES_AGGRESSIVE;
				CLANG_CXX_LANGUAGE_STANDARD = "gnu++20";
				CLANG_ENABLE_MODULES = YES;
				CLANG_ENABLE_OBJC_ARC = YES;
				CLANG_ENABLE_OBJC_WEAK = YES;
				CLANG_WARN_BLOCK_CAPTURE_AUTORELEASING = YES;
				CLANG_WARN_BOOL_CONVERSION = YES;
				CLANG_WARN_COMMA = YES;
				CLANG_WARN_CONSTANT_CONVERSION = YES;
				CLANG_WARN_DEPRECATED_OBJC_IMPLEMENTATIONS = YES;
				CLANG_WARN_DIRECT_OBJC_ISA_USAGE = YES_ERROR;
				CLANG_WARN_DOCUMENTATION_COMMENTS = YES;
				CLANG_WARN_EMPTY_BODY = YES;
				CLANG_WARN_ENUM_CONVERSION = YES;
				CLANG_WARN_INFINITE_RECURSION = YES;
				CLANG_WARN_INT_CONVERSION = YES;
				CLANG_WARN_NON_LITERAL_NULL_CONVERSION = YES;
				CLANG_WARN_OBJC_IMPLICIT_RETAIN_SELF = YES;
				CLANG_WARN_OBJC_LITERAL_CONVERSION = YES;
				CLANG_WARN_OBJC_ROOT_CLASS = YES_ERROR;
				CLANG_WARN_QUOTED_INCLUDE_IN_FRAMEWORK_HEADER = YES;
				CLANG_WARN_RANGE_LOOP_ANALYSIS = YES;
				CLANG_WARN_STRICT_PROTOTYPES = YES;
				CLANG_WARN_SUSPICIOUS_MOVE = YES;
				CLANG_WARN_UNGUARDED_AVAILABILITY = YES_AGGRESSIVE;
				CLANG_WARN_UNREACHABLE_CODE = YES;
				CLANG_WARN__DUPLICATE_METHOD_MATCH = YES;
				COPY_PHASE_STRIP = NO;
				DEBUG_INFORMATION_FORMAT = dwarf;
				ENABLE_STRICT_OBJC_MSGSEND = YES;
				ENABLE_TESTABILITY = YES;
				GCC_C_LANGUAGE_STANDARD = gnu11;
				GCC_DYNAMIC_NO_PIC = NO;
				GCC_NO_COMMON_BLOCKS = YES;
				GCC_OPTIMIZATION_LEVEL = 0;
				GCC_PREPROCESSOR_DEFINITIONS = (
					"DEBUG=1",
					"$(inherited)",
				);
				GCC_WARN_64_TO_32_BIT_CONVERSION = YES;
				GCC_WARN_ABOUT_RETURN_TYPE = YES_ERROR;
				GCC_WARN_UNDECLARED_SELECTOR = YES;
				GCC_WARN_UNINITIALIZED_AUTOS = YES_AGGRESSIVE;
				GCC_WARN_UNUSED_FUNCTION = YES;
				GCC_WARN_UNUSED_VARIABLE = YES;
				IPHONEOS_DEPLOYMENT_TARGET = 16.4;
				MTL_ENABLE_DEBUG_INFO = INCLUDE_SOURCE;
				MTL_FAST_MATH = YES;
				ONLY_ACTIVE_ARCH = YES;
				SDKROOT = iphoneos;
				SWIFT_ACTIVE_COMPILATION_CONDITIONS = DEBUG;
				SWIFT_OPTIMIZATION_LEVEL = "-Onone";
			};
			name = Debug;
		};
		27F283052AC162CA006E180B /* Release */ = {
			isa = XCBuildConfiguration;
			buildSettings = {
				ALWAYS_SEARCH_USER_PATHS = NO;
				CLANG_ANALYZER_NONNULL = YES;
				CLANG_ANALYZER_NUMBER_OBJECT_CONVERSION = YES_AGGRESSIVE;
				CLANG_CXX_LANGUAGE_STANDARD = "gnu++20";
				CLANG_ENABLE_MODULES = YES;
				CLANG_ENABLE_OBJC_ARC = YES;
				CLANG_ENABLE_OBJC_WEAK = YES;
				CLANG_WARN_BLOCK_CAPTURE_AUTORELEASING = YES;
				CLANG_WARN_BOOL_CONVERSION = YES;
				CLANG_WARN_COMMA = YES;
				CLANG_WARN_CONSTANT_CONVERSION = YES;
				CLANG_WARN_DEPRECATED_OBJC_IMPLEMENTATIONS = YES;
				CLANG_WARN_DIRECT_OBJC_ISA_USAGE = YES_ERROR;
				CLANG_WARN_DOCUMENTATION_COMMENTS = YES;
				CLANG_WARN_EMPTY_BODY = YES;
				CLANG_WARN_ENUM_CONVERSION = YES;
				CLANG_WARN_INFINITE_RECURSION = YES;
				CLANG_WARN_INT_CONVERSION = YES;
				CLANG_WARN_NON_LITERAL_NULL_CONVERSION = YES;
				CLANG_WARN_OBJC_IMPLICIT_RETAIN_SELF = YES;
				CLANG_WARN_OBJC_LITERAL_CONVERSION = YES;
				CLANG_WARN_OBJC_ROOT_CLASS = YES_ERROR;
				CLANG_WARN_QUOTED_INCLUDE_IN_FRAMEWORK_HEADER = YES;
				CLANG_WARN_RANGE_LOOP_ANALYSIS = YES;
				CLANG_WARN_STRICT_PROTOTYPES = YES;
				CLANG_WARN_SUSPICIOUS_MOVE = YES;
				CLANG_WARN_UNGUARDED_AVAILABILITY = YES_AGGRESSIVE;
				CLANG_WARN_UNREACHABLE_CODE = YES;
				CLANG_WARN__DUPLICATE_METHOD_MATCH = YES;
				COPY_PHASE_STRIP = NO;
				DEBUG_INFORMATION_FORMAT = "dwarf-with-dsym";
				ENABLE_NS_ASSERTIONS = NO;
				ENABLE_STRICT_OBJC_MSGSEND = YES;
				GCC_C_LANGUAGE_STANDARD = gnu11;
				GCC_NO_COMMON_BLOCKS = YES;
				GCC_WARN_64_TO_32_BIT_CONVERSION = YES;
				GCC_WARN_ABOUT_RETURN_TYPE = YES_ERROR;
				GCC_WARN_UNDECLARED_SELECTOR = YES;
				GCC_WARN_UNINITIALIZED_AUTOS = YES_AGGRESSIVE;
				GCC_WARN_UNUSED_FUNCTION = YES;
				GCC_WARN_UNUSED_VARIABLE = YES;
				IPHONEOS_DEPLOYMENT_TARGET = 16.4;
				MTL_ENABLE_DEBUG_INFO = NO;
				MTL_FAST_MATH = YES;
				SDKROOT = iphoneos;
				SWIFT_COMPILATION_MODE = wholemodule;
				SWIFT_OPTIMIZATION_LEVEL = "-O";
				VALIDATE_PRODUCT = YES;
			};
			name = Release;
		};
		27F283072AC162CA006E180B /* Debug */ = {
			isa = XCBuildConfiguration;
			buildSettings = {
				ASSETCATALOG_COMPILER_APPICON_NAME = AppIcon;
				ASSETCATALOG_COMPILER_GLOBAL_ACCENT_COLOR_NAME = AccentColor;
				CODE_SIGN_STYLE = Automatic;
				CURRENT_PROJECT_VERSION = 1;
				DEVELOPMENT_TEAM = Q5P3S25TZQ;
				GENERATE_INFOPLIST_FILE = YES;
				INFOPLIST_FILE = GodSaengLife/Info.plist;
				INFOPLIST_KEY_UIApplicationSupportsIndirectInputEvents = YES;
				INFOPLIST_KEY_UILaunchStoryboardName = LaunchScreen;
				INFOPLIST_KEY_UISupportedInterfaceOrientations_iPad = "UIInterfaceOrientationPortrait UIInterfaceOrientationPortraitUpsideDown UIInterfaceOrientationLandscapeLeft UIInterfaceOrientationLandscapeRight";
				INFOPLIST_KEY_UISupportedInterfaceOrientations_iPhone = "UIInterfaceOrientationPortrait UIInterfaceOrientationLandscapeLeft UIInterfaceOrientationLandscapeRight";
				IPHONEOS_DEPLOYMENT_TARGET = 16.4;
				LD_RUNPATH_SEARCH_PATHS = (
					"$(inherited)",
					"@executable_path/Frameworks",
				);
				MARKETING_VERSION = 1.0;
				PRODUCT_BUNDLE_IDENTIFIER = rhd9228.GodSaengLife;
				PRODUCT_NAME = "$(TARGET_NAME)";
				SWIFT_EMIT_LOC_STRINGS = YES;
				SWIFT_VERSION = 5.0;
				TARGETED_DEVICE_FAMILY = "1,2";
			};
			name = Debug;
		};
		27F283082AC162CA006E180B /* Release */ = {
			isa = XCBuildConfiguration;
			buildSettings = {
				ASSETCATALOG_COMPILER_APPICON_NAME = AppIcon;
				ASSETCATALOG_COMPILER_GLOBAL_ACCENT_COLOR_NAME = AccentColor;
				CODE_SIGN_STYLE = Automatic;
				CURRENT_PROJECT_VERSION = 1;
				DEVELOPMENT_TEAM = Q5P3S25TZQ;
				GENERATE_INFOPLIST_FILE = YES;
				INFOPLIST_FILE = GodSaengLife/Info.plist;
				INFOPLIST_KEY_UIApplicationSupportsIndirectInputEvents = YES;
				INFOPLIST_KEY_UILaunchStoryboardName = LaunchScreen;
				INFOPLIST_KEY_UISupportedInterfaceOrientations_iPad = "UIInterfaceOrientationPortrait UIInterfaceOrientationPortraitUpsideDown UIInterfaceOrientationLandscapeLeft UIInterfaceOrientationLandscapeRight";
				INFOPLIST_KEY_UISupportedInterfaceOrientations_iPhone = "UIInterfaceOrientationPortrait UIInterfaceOrientationLandscapeLeft UIInterfaceOrientationLandscapeRight";
				IPHONEOS_DEPLOYMENT_TARGET = 16.4;
				LD_RUNPATH_SEARCH_PATHS = (
					"$(inherited)",
					"@executable_path/Frameworks",
				);
				MARKETING_VERSION = 1.0;
				PRODUCT_BUNDLE_IDENTIFIER = rhd9228.GodSaengLife;
				PRODUCT_NAME = "$(TARGET_NAME)";
				SWIFT_EMIT_LOC_STRINGS = YES;
				SWIFT_VERSION = 5.0;
				TARGETED_DEVICE_FAMILY = "1,2";
			};
			name = Release;
		};
/* End XCBuildConfiguration section */

/* Begin XCConfigurationList section */
		27F282EA2AC162C8006E180B /* Build configuration list for PBXProject "GodSaengLife" */ = {
			isa = XCConfigurationList;
			buildConfigurations = (
				27F283042AC162CA006E180B /* Debug */,
				27F283052AC162CA006E180B /* Release */,
			);
			defaultConfigurationIsVisible = 0;
			defaultConfigurationName = Release;
		};
		27F283062AC162CA006E180B /* Build configuration list for PBXNativeTarget "GodSaengLife" */ = {
			isa = XCConfigurationList;
			buildConfigurations = (
				27F283072AC162CA006E180B /* Debug */,
				27F283082AC162CA006E180B /* Release */,
			);
			defaultConfigurationIsVisible = 0;
			defaultConfigurationName = Release;
		};
/* End XCConfigurationList section */

/* Begin XCRemoteSwiftPackageReference section */
		27F2831D2AC165C1006E180B /* XCRemoteSwiftPackageReference "SnapKit" */ = {
			isa = XCRemoteSwiftPackageReference;
			repositoryURL = "https://github.com/SnapKit/SnapKit.git";
			requirement = {
				kind = upToNextMajorVersion;
				minimumVersion = 5.0.0;
			};
		};
		27F283202AC165C8006E180B /* XCRemoteSwiftPackageReference "Then" */ = {
			isa = XCRemoteSwiftPackageReference;
			repositoryURL = "https://github.com/devxoul/Then.git";
			requirement = {
				kind = upToNextMajorVersion;
				minimumVersion = 3.0.0;
			};
		};
/* End XCRemoteSwiftPackageReference section */

/* Begin XCSwiftPackageProductDependency section */
		27F2831E2AC165C1006E180B /* SnapKit */ = {
			isa = XCSwiftPackageProductDependency;
			package = 27F2831D2AC165C1006E180B /* XCRemoteSwiftPackageReference "SnapKit" */;
			productName = SnapKit;
		};
		27F283212AC165C8006E180B /* Then */ = {
			isa = XCSwiftPackageProductDependency;
			package = 27F283202AC165C8006E180B /* XCRemoteSwiftPackageReference "Then" */;
			productName = Then;
		};
/* End XCSwiftPackageProductDependency section */

/* Begin XCVersionGroup section */
		27F282FB2AC162C8006E180B /* GodSaengLife.xcdatamodeld */ = {
			isa = XCVersionGroup;
			children = (
				27F282FC2AC162C8006E180B /* GodSaengLife.xcdatamodel */,
			);
			currentVersion = 27F282FC2AC162C8006E180B /* GodSaengLife.xcdatamodel */;
			path = GodSaengLife.xcdatamodeld;
			sourceTree = "<group>";
			versionGroupType = wrapper.xcdatamodel;
		};
/* End XCVersionGroup section */
	};
	rootObject = 27F282E72AC162C8006E180B /* Project object */;
}
